
Microsoft Visual Studio Solution File, Format Version 12.00
# Visual Studio 15
VisualStudioVersion = 15.0.28307.329
MinimumVisualStudioVersion = 10.0.40219.1
Project("{FAE04EC0-301F-11D3-BF4B-00C04F79EFBC}") = "InterRunner", "InterRunner\InterRunner.csproj", "{2EEB3100-172E-46A0-AE80-E5C72B02000A}"
	ProjectSection(ProjectDependencies) = postProject
		{8DD59891-EBC1-4279-9C3A-EA1AF64211F1} = {8DD59891-EBC1-4279-9C3A-EA1AF64211F1}
	EndProjectSection
EndProject
Project("{8BC9CEB8-8B4A-11D0-8D11-00A0C91BC942}") = "winwrp", "winwrp\winwrp.vcxproj", "{8DD59891-EBC1-4279-9C3A-EA1AF64211F1}"
EndProject
Global
	GlobalSection(SolutionConfigurationPlatforms) = preSolution
		Debug|Any CPU = Debug|Any CPU
		Debug|x64 = Debug|x64
		Debug|x86 = Debug|x86
		Release|Any CPU = Release|Any CPU
		Release|x64 = Release|x64
		Release|x86 = Release|x86
	EndGlobalSection
	GlobalSection(ProjectConfigurationPlatforms) = postSolution
		{2EEB3100-172E-46A0-AE80-E5C72B02000A}.Debug|Any CPU.ActiveCfg = Debug|Any CPU
		{2EEB3100-172E-46A0-AE80-E5C72B02000A}.Debug|Any CPU.Build.0 = Debug|Any CPU
		{2EEB3100-172E-46A0-AE80-E5C72B02000A}.Debug|x64.ActiveCfg = Debug|Any CPU
		{2EEB3100-172E-46A0-AE80-E5C72B02000A}.Debug|x64.Build.0 = Debug|Any CPU
		{2EEB3100-172E-46A0-AE80-E5C72B02000A}.Debug|x86.ActiveCfg = Debug|Any CPU
		{2EEB3100-172E-46A0-AE80-E5C72B02000A}.Debug|x86.Build.0 = Debug|Any CPU
		{2EEB3100-172E-46A0-AE80-E5C72B02000A}.Release|Any CPU.ActiveCfg = Release|Any CPU
		{2EEB3100-172E-46A0-AE80-E5C72B02000A}.Release|Any CPU.Build.0 = Release|Any CPU
		{2EEB3100-172E-46A0-AE80-E5C72B02000A}.Release|x64.ActiveCfg = Release|Any CPU
		{2EEB3100-172E-46A0-AE80-E5C72B02000A}.Release|x64.Build.0 = Release|Any CPU
		{2EEB3100-172E-46A0-AE80-E5C72B02000A}.Release|x86.ActiveCfg = Release|Any CPU
		{2EEB3100-172E-46A0-AE80-E5C72B02000A}.Release|x86.Build.0 = Release|Any CPU
		{8DD59891-EBC1-4279-9C3A-EA1AF64211F1}.Debug|Any CPU.ActiveCfg = Debug|Win32
		{8DD59891-EBC1-4279-9C3A-EA1AF64211F1}.Debug|x64.ActiveCfg = Debug|x64
		{8DD59891-EBC1-4279-9C3A-EA1AF64211F1}.Debug|x64.Build.0 = Debug|x64
		{8DD59891-EBC1-4279-9C3A-EA1AF64211F1}.Debug|x86.ActiveCfg = Debug|Win32
		{8DD59891-EBC1-4279-9C3A-EA1AF64211F1}.Debug|x86.Build.0 = Debug|Win32
		{8DD59891-EBC1-4279-9C3A-EA1AF64211F1}.Release|Any CPU.ActiveCfg = Release|Win32
		{8DD59891-EBC1-4279-9C3A-EA1AF64211F1}.Release|x64.ActiveCfg = Release|x64
		{8DD59891-EBC1-4279-9C3A-EA1AF64211F1}.Release|x64.Build.0 = Release|x64
		{8DD59891-EBC1-4279-9C3A-EA1AF64211F1}.Release|x86.ActiveCfg = Release|Win32
		{8DD59891-EBC1-4279-9C3A-EA1AF64211F1}.Release|x86.Build.0 = Release|Win32
	EndGlobalSection
	GlobalSection(SolutionProperties) = preSolution
		HideSolutionNode = FALSE
	EndGlobalSection
	GlobalSection(ExtensibilityGlobals) = postSolution
		SolutionGuid = {7A8DB3F0-F505-4A25-8373-562012704F4E}
	EndGlobalSection
EndGlobal
